// !$*UTF8*$!
{
	archiveVersion = 1;
	classes = {
	};
	objectVersion = 46;
	objects = {

/* Begin PBXBuildFile section */
		3C0A52B41F83398400BD7751 /* AppServer.swift in Sources */ = {isa = PBXBuildFile; fileRef = 3C0A52B31F83398400BD7751 /* AppServer.swift */; };
		3C0A52B61F833C7300BD7751 /* WeatherRequestAndPraser.swift in Sources */ = {isa = PBXBuildFile; fileRef = 3C0A52B51F833C7300BD7751 /* WeatherRequestAndPraser.swift */; };
		3C4222D71F8917B200A8F4C8 /* Infinity.ttf in Resources */ = {isa = PBXBuildFile; fileRef = 3C4222D61F890E9C00A8F4C8 /* Infinity.ttf */; };
		3C4222D81F8917B200A8F4C8 /* Raleway Thin.otf in Resources */ = {isa = PBXBuildFile; fileRef = 3C4222CE1F8906E800A8F4C8 /* Raleway Thin.otf */; };
		3C4222D91F8917B200A8F4C8 /* Raleway Thin.ttf in Resources */ = {isa = PBXBuildFile; fileRef = 3C4222CA1F8906E700A8F4C8 /* Raleway Thin.ttf */; };
		3C4222DA1F8917B200A8F4C8 /* Raleway-Black.ttf in Resources */ = {isa = PBXBuildFile; fileRef = 3C4222D21F8906E800A8F4C8 /* Raleway-Black.ttf */; };
		3C4222DB1F8917B200A8F4C8 /* Raleway-BlackItalic.ttf in Resources */ = {isa = PBXBuildFile; fileRef = 3C4222C61F8906E600A8F4C8 /* Raleway-BlackItalic.ttf */; };
		3C4222DC1F8917B200A8F4C8 /* Raleway-Bold.ttf in Resources */ = {isa = PBXBuildFile; fileRef = 3C4222D31F8906E800A8F4C8 /* Raleway-Bold.ttf */; };
		3C4222DD1F8917B200A8F4C8 /* Raleway-BoldItalic.ttf in Resources */ = {isa = PBXBuildFile; fileRef = 3C4222C41F8906E600A8F4C8 /* Raleway-BoldItalic.ttf */; };
		3C4222DE1F8917B200A8F4C8 /* Raleway-ExtraBold.ttf in Resources */ = {isa = PBXBuildFile; fileRef = 3C4222CD1F8906E700A8F4C8 /* Raleway-ExtraBold.ttf */; };
		3C4222DF1F8917B200A8F4C8 /* Raleway-ExtraBoldItalic.ttf in Resources */ = {isa = PBXBuildFile; fileRef = 3C4222D41F8906E800A8F4C8 /* Raleway-ExtraBoldItalic.ttf */; };
		3C4222E01F8917B200A8F4C8 /* Raleway-ExtraLight.ttf in Resources */ = {isa = PBXBuildFile; fileRef = 3C4222C51F8906E600A8F4C8 /* Raleway-ExtraLight.ttf */; };
		3C4222E11F8917B200A8F4C8 /* Raleway-ExtraLightItalic.ttf in Resources */ = {isa = PBXBuildFile; fileRef = 3C4222C71F8906E700A8F4C8 /* Raleway-ExtraLightItalic.ttf */; };
		3C4222E21F8917B200A8F4C8 /* Raleway-Italic.ttf in Resources */ = {isa = PBXBuildFile; fileRef = 3C4222D01F8906E800A8F4C8 /* Raleway-Italic.ttf */; };
		3C4222E31F8917B200A8F4C8 /* Raleway-Light.ttf in Resources */ = {isa = PBXBuildFile; fileRef = 3C4222C21F8906E600A8F4C8 /* Raleway-Light.ttf */; };
		3C4222E41F8917B200A8F4C8 /* Raleway-LightItalic.ttf in Resources */ = {isa = PBXBuildFile; fileRef = 3C4222D51F8906E900A8F4C8 /* Raleway-LightItalic.ttf */; };
		3C4222E51F8917B200A8F4C8 /* Raleway-Medium.ttf in Resources */ = {isa = PBXBuildFile; fileRef = 3C4222CB1F8906E700A8F4C8 /* Raleway-Medium.ttf */; };
		3C4222E61F8917B200A8F4C8 /* Raleway-MediumItalic.ttf in Resources */ = {isa = PBXBuildFile; fileRef = 3C4222C81F8906E700A8F4C8 /* Raleway-MediumItalic.ttf */; };
		3C4222E71F8917B200A8F4C8 /* Raleway-Regular.ttf in Resources */ = {isa = PBXBuildFile; fileRef = 3C4222CF1F8906E800A8F4C8 /* Raleway-Regular.ttf */; };
		3C4222E81F8917B200A8F4C8 /* Raleway-SemiBold.ttf in Resources */ = {isa = PBXBuildFile; fileRef = 3C4222CC1F8906E700A8F4C8 /* Raleway-SemiBold.ttf */; };
		3C4222E91F8917B200A8F4C8 /* Raleway-SemiBoldItalic.ttf in Resources */ = {isa = PBXBuildFile; fileRef = 3C4222C91F8906E700A8F4C8 /* Raleway-SemiBoldItalic.ttf */; };
		3C4222EA1F8917B200A8F4C8 /* Raleway-Thin.ttf in Resources */ = {isa = PBXBuildFile; fileRef = 3C4222D11F8906E800A8F4C8 /* Raleway-Thin.ttf */; };
		3C4222EB1F8917B200A8F4C8 /* Raleway-ThinItalic.ttf in Resources */ = {isa = PBXBuildFile; fileRef = 3C4222C31F8906E600A8F4C8 /* Raleway-ThinItalic.ttf */; };
		3C43A0C01F96F23E00035E86 /* SingleFCCell.swift in Sources */ = {isa = PBXBuildFile; fileRef = 3C43A0BF1F96F23E00035E86 /* SingleFCCell.swift */; };
		3C7BEF511F8AE81D001D2B3B /* MapKit.framework in Frameworks */ = {isa = PBXBuildFile; fileRef = 3C7BEF501F8AE81D001D2B3B /* MapKit.framework */; };
		3CA405FE1F94034E0083B399 /* weathericons-regular-webfont.ttf in Resources */ = {isa = PBXBuildFile; fileRef = 3CA405FD1F93FC640083B399 /* weathericons-regular-webfont.ttf */; };
		3CA406001F94320F0083B399 /* Roboto-Thin.ttf in Resources */ = {isa = PBXBuildFile; fileRef = 3CA405FF1F94318B0083B399 /* Roboto-Thin.ttf */; };
		3CEFF1E91F49280B00FF2B62 /* AppDelegate.swift in Sources */ = {isa = PBXBuildFile; fileRef = 3CEFF1E81F49280B00FF2B62 /* AppDelegate.swift */; };
		3CEFF1EB1F49280B00FF2B62 /* ViewController.swift in Sources */ = {isa = PBXBuildFile; fileRef = 3CEFF1EA1F49280B00FF2B62 /* ViewController.swift */; };
		3CEFF1EE1F49280B00FF2B62 /* Main.storyboard in Resources */ = {isa = PBXBuildFile; fileRef = 3CEFF1EC1F49280B00FF2B62 /* Main.storyboard */; };
		3CEFF1F11F49280B00FF2B62 /* Ve_ur.xcdatamodeld in Sources */ = {isa = PBXBuildFile; fileRef = 3CEFF1EF1F49280B00FF2B62 /* Ve_ur.xcdatamodeld */; };
		3CEFF1F31F49280B00FF2B62 /* Assets.xcassets in Resources */ = {isa = PBXBuildFile; fileRef = 3CEFF1F21F49280B00FF2B62 /* Assets.xcassets */; };
		3CEFF1F61F49280B00FF2B62 /* LaunchScreen.storyboard in Resources */ = {isa = PBXBuildFile; fileRef = 3CEFF1F41F49280B00FF2B62 /* LaunchScreen.storyboard */; };
		3CEFF1FF1F49299C00FF2B62 /* CoreLocation.framework in Frameworks */ = {isa = PBXBuildFile; fileRef = 3CEFF1FE1F49299C00FF2B62 /* CoreLocation.framework */; };
		3CEFF2011F492E2D00FF2B62 /* Stasion.swift in Sources */ = {isa = PBXBuildFile; fileRef = 3CEFF2001F492E2D00FF2B62 /* Stasion.swift */; };
		3CEFF2031F49327400FF2B62 /* stations.txt in Resources */ = {isa = PBXBuildFile; fileRef = 3CEFF2021F49327400FF2B62 /* stations.txt */; };
		96AF2F9AD93C7B3EB70D805D /* Pods_Ve_ur.framework in Frameworks */ = {isa = PBXBuildFile; fileRef = 79AB336C939F27B44FA55CFF /* Pods_Ve_ur.framework */; };
/* End PBXBuildFile section */

/* Begin PBXFileReference section */
		3C0A52B31F83398400BD7751 /* AppServer.swift */ = {isa = PBXFileReference; fileEncoding = 4; lastKnownFileType = sourcecode.swift; path = AppServer.swift; sourceTree = "<group>"; };
		3C0A52B51F833C7300BD7751 /* WeatherRequestAndPraser.swift */ = {isa = PBXFileReference; fileEncoding = 4; lastKnownFileType = sourcecode.swift; path = WeatherRequestAndPraser.swift; sourceTree = "<group>"; };
		3C4222C21F8906E600A8F4C8 /* Raleway-Light.ttf */ = {isa = PBXFileReference; lastKnownFileType = file; name = "Raleway-Light.ttf"; path = "../../../../../../../Library/Fonts/Raleway-Light.ttf"; sourceTree = "<group>"; };
		3C4222C31F8906E600A8F4C8 /* Raleway-ThinItalic.ttf */ = {isa = PBXFileReference; lastKnownFileType = file; name = "Raleway-ThinItalic.ttf"; path = "../../../../../../../Library/Fonts/Raleway-ThinItalic.ttf"; sourceTree = "<group>"; };
		3C4222C41F8906E600A8F4C8 /* Raleway-BoldItalic.ttf */ = {isa = PBXFileReference; lastKnownFileType = file; name = "Raleway-BoldItalic.ttf"; path = "../../../../../../../Library/Fonts/Raleway-BoldItalic.ttf"; sourceTree = "<group>"; };
		3C4222C51F8906E600A8F4C8 /* Raleway-ExtraLight.ttf */ = {isa = PBXFileReference; lastKnownFileType = file; name = "Raleway-ExtraLight.ttf"; path = "../../../../../../../Library/Fonts/Raleway-ExtraLight.ttf"; sourceTree = "<group>"; };
		3C4222C61F8906E600A8F4C8 /* Raleway-BlackItalic.ttf */ = {isa = PBXFileReference; lastKnownFileType = file; name = "Raleway-BlackItalic.ttf"; path = "../../../../../../../Library/Fonts/Raleway-BlackItalic.ttf"; sourceTree = "<group>"; };
		3C4222C71F8906E700A8F4C8 /* Raleway-ExtraLightItalic.ttf */ = {isa = PBXFileReference; lastKnownFileType = file; name = "Raleway-ExtraLightItalic.ttf"; path = "../../../../../../../Library/Fonts/Raleway-ExtraLightItalic.ttf"; sourceTree = "<group>"; };
		3C4222C81F8906E700A8F4C8 /* Raleway-MediumItalic.ttf */ = {isa = PBXFileReference; lastKnownFileType = file; name = "Raleway-MediumItalic.ttf"; path = "../../../../../../../Library/Fonts/Raleway-MediumItalic.ttf"; sourceTree = "<group>"; };
		3C4222C91F8906E700A8F4C8 /* Raleway-SemiBoldItalic.ttf */ = {isa = PBXFileReference; lastKnownFileType = file; name = "Raleway-SemiBoldItalic.ttf"; path = "../../../../../../../Library/Fonts/Raleway-SemiBoldItalic.ttf"; sourceTree = "<group>"; };
		3C4222CA1F8906E700A8F4C8 /* Raleway Thin.ttf */ = {isa = PBXFileReference; lastKnownFileType = file; name = "Raleway Thin.ttf"; path = "../../../../../../../Library/Fonts/Raleway Thin.ttf"; sourceTree = "<group>"; };
		3C4222CB1F8906E700A8F4C8 /* Raleway-Medium.ttf */ = {isa = PBXFileReference; lastKnownFileType = file; name = "Raleway-Medium.ttf"; path = "../../../../../../../Library/Fonts/Raleway-Medium.ttf"; sourceTree = "<group>"; };
		3C4222CC1F8906E700A8F4C8 /* Raleway-SemiBold.ttf */ = {isa = PBXFileReference; lastKnownFileType = file; name = "Raleway-SemiBold.ttf"; path = "../../../../../../../Library/Fonts/Raleway-SemiBold.ttf"; sourceTree = "<group>"; };
		3C4222CD1F8906E700A8F4C8 /* Raleway-ExtraBold.ttf */ = {isa = PBXFileReference; lastKnownFileType = file; name = "Raleway-ExtraBold.ttf"; path = "../../../../../../../Library/Fonts/Raleway-ExtraBold.ttf"; sourceTree = "<group>"; };
		3C4222CE1F8906E800A8F4C8 /* Raleway Thin.otf */ = {isa = PBXFileReference; lastKnownFileType = file; name = "Raleway Thin.otf"; path = "../../../../../../../Library/Fonts/Raleway Thin.otf"; sourceTree = "<group>"; };
		3C4222CF1F8906E800A8F4C8 /* Raleway-Regular.ttf */ = {isa = PBXFileReference; lastKnownFileType = file; name = "Raleway-Regular.ttf"; path = "../../../../../../../Library/Fonts/Raleway-Regular.ttf"; sourceTree = "<group>"; };
		3C4222D01F8906E800A8F4C8 /* Raleway-Italic.ttf */ = {isa = PBXFileReference; lastKnownFileType = file; name = "Raleway-Italic.ttf"; path = "../../../../../../../Library/Fonts/Raleway-Italic.ttf"; sourceTree = "<group>"; };
		3C4222D11F8906E800A8F4C8 /* Raleway-Thin.ttf */ = {isa = PBXFileReference; lastKnownFileType = file; name = "Raleway-Thin.ttf"; path = "../../../../../../../Library/Fonts/Raleway-Thin.ttf"; sourceTree = "<group>"; };
		3C4222D21F8906E800A8F4C8 /* Raleway-Black.ttf */ = {isa = PBXFileReference; lastKnownFileType = file; name = "Raleway-Black.ttf"; path = "../../../../../../../Library/Fonts/Raleway-Black.ttf"; sourceTree = "<group>"; };
		3C4222D31F8906E800A8F4C8 /* Raleway-Bold.ttf */ = {isa = PBXFileReference; lastKnownFileType = file; name = "Raleway-Bold.ttf"; path = "../../../../../../../Library/Fonts/Raleway-Bold.ttf"; sourceTree = "<group>"; };
		3C4222D41F8906E800A8F4C8 /* Raleway-ExtraBoldItalic.ttf */ = {isa = PBXFileReference; lastKnownFileType = file; name = "Raleway-ExtraBoldItalic.ttf"; path = "../../../../../../../Library/Fonts/Raleway-ExtraBoldItalic.ttf"; sourceTree = "<group>"; };
		3C4222D51F8906E900A8F4C8 /* Raleway-LightItalic.ttf */ = {isa = PBXFileReference; lastKnownFileType = file; name = "Raleway-LightItalic.ttf"; path = "../../../../../../../Library/Fonts/Raleway-LightItalic.ttf"; sourceTree = "<group>"; };
		3C4222D61F890E9C00A8F4C8 /* Infinity.ttf */ = {isa = PBXFileReference; lastKnownFileType = file; path = Infinity.ttf; sourceTree = "<group>"; };
		3C43A0BF1F96F23E00035E86 /* SingleFCCell.swift */ = {isa = PBXFileReference; lastKnownFileType = sourcecode.swift; path = SingleFCCell.swift; sourceTree = "<group>"; };
		3C7BEF501F8AE81D001D2B3B /* MapKit.framework */ = {isa = PBXFileReference; lastKnownFileType = wrapper.framework; name = MapKit.framework; path = System/Library/Frameworks/MapKit.framework; sourceTree = SDKROOT; };
		3CA405FD1F93FC640083B399 /* weathericons-regular-webfont.ttf */ = {isa = PBXFileReference; lastKnownFileType = file; path = "weathericons-regular-webfont.ttf"; sourceTree = "<group>"; };
		3CA405FF1F94318B0083B399 /* Roboto-Thin.ttf */ = {isa = PBXFileReference; lastKnownFileType = file; path = "Roboto-Thin.ttf"; sourceTree = "<group>"; };
		3CEFF1E51F49280B00FF2B62 /* Veður.app */ = {isa = PBXFileReference; explicitFileType = wrapper.application; includeInIndex = 0; path = "Veður.app"; sourceTree = BUILT_PRODUCTS_DIR; };
		3CEFF1E81F49280B00FF2B62 /* AppDelegate.swift */ = {isa = PBXFileReference; lastKnownFileType = sourcecode.swift; path = AppDelegate.swift; sourceTree = "<group>"; };
		3CEFF1EA1F49280B00FF2B62 /* ViewController.swift */ = {isa = PBXFileReference; lastKnownFileType = sourcecode.swift; path = ViewController.swift; sourceTree = "<group>"; };
		3CEFF1ED1F49280B00FF2B62 /* Base */ = {isa = PBXFileReference; lastKnownFileType = file.storyboard; name = Base; path = Base.lproj/Main.storyboard; sourceTree = "<group>"; };
		3CEFF1F01F49280B00FF2B62 /* Ve_ur.xcdatamodel */ = {isa = PBXFileReference; lastKnownFileType = wrapper.xcdatamodel; path = Ve_ur.xcdatamodel; sourceTree = "<group>"; };
		3CEFF1F21F49280B00FF2B62 /* Assets.xcassets */ = {isa = PBXFileReference; lastKnownFileType = folder.assetcatalog; path = Assets.xcassets; sourceTree = "<group>"; };
		3CEFF1F51F49280B00FF2B62 /* Base */ = {isa = PBXFileReference; lastKnownFileType = file.storyboard; name = Base; path = Base.lproj/LaunchScreen.storyboard; sourceTree = "<group>"; };
		3CEFF1F71F49280B00FF2B62 /* Info.plist */ = {isa = PBXFileReference; lastKnownFileType = text.plist.xml; path = Info.plist; sourceTree = "<group>"; };
		3CEFF1FE1F49299C00FF2B62 /* CoreLocation.framework */ = {isa = PBXFileReference; lastKnownFileType = wrapper.framework; name = CoreLocation.framework; path = System/Library/Frameworks/CoreLocation.framework; sourceTree = SDKROOT; };
		3CEFF2001F492E2D00FF2B62 /* Stasion.swift */ = {isa = PBXFileReference; fileEncoding = 4; lastKnownFileType = sourcecode.swift; path = Stasion.swift; sourceTree = "<group>"; };
		3CEFF2021F49327400FF2B62 /* stations.txt */ = {isa = PBXFileReference; fileEncoding = 4; lastKnownFileType = text; name = stations.txt; path = "../../../../Python/Python Course/stations.txt"; sourceTree = "<group>"; };
		79AB336C939F27B44FA55CFF /* Pods_Ve_ur.framework */ = {isa = PBXFileReference; explicitFileType = wrapper.framework; includeInIndex = 0; path = Pods_Ve_ur.framework; sourceTree = BUILT_PRODUCTS_DIR; };
		9D756E4D479322B33F4CA64D /* Pods-Veður.debug.xcconfig */ = {isa = PBXFileReference; includeInIndex = 1; lastKnownFileType = text.xcconfig; name = "Pods-Veður.debug.xcconfig"; path = "Pods/Target Support Files/Pods-Veður/Pods-Veður.debug.xcconfig"; sourceTree = "<group>"; };
		C2B53E0F3A12F2C6C3A4DB32 /* Pods-Veður.release.xcconfig */ = {isa = PBXFileReference; includeInIndex = 1; lastKnownFileType = text.xcconfig; name = "Pods-Veður.release.xcconfig"; path = "Pods/Target Support Files/Pods-Veður/Pods-Veður.release.xcconfig"; sourceTree = "<group>"; };
/* End PBXFileReference section */

/* Begin PBXFrameworksBuildPhase section */
		3CEFF1E21F49280B00FF2B62 /* Frameworks */ = {
			isa = PBXFrameworksBuildPhase;
			buildActionMask = 2147483647;
			files = (
				3CEFF1FF1F49299C00FF2B62 /* CoreLocation.framework in Frameworks */,
				3C7BEF511F8AE81D001D2B3B /* MapKit.framework in Frameworks */,
				96AF2F9AD93C7B3EB70D805D /* Pods_Ve_ur.framework in Frameworks */,
			);
			runOnlyForDeploymentPostprocessing = 0;
		};
/* End PBXFrameworksBuildPhase section */

/* Begin PBXGroup section */
		3C4222B81F88F9D200A8F4C8 /* Controllers */ = {
			isa = PBXGroup;
			children = (
				3CEFF1E81F49280B00FF2B62 /* AppDelegate.swift */,
				3CEFF1EA1F49280B00FF2B62 /* ViewController.swift */,
				3C43A0BF1F96F23E00035E86 /* SingleFCCell.swift */,
			);
			path = Controllers;
			sourceTree = "<group>";
		};
		3C4222BA1F88F9F300A8F4C8 /* Entity Classes */ = {
			isa = PBXGroup;
			children = (
				3CEFF2001F492E2D00FF2B62 /* Stasion.swift */,
			);
			path = "Entity Classes";
			sourceTree = "<group>";
		};
		3C4222BB1F88FA0300A8F4C8 /* Servers */ = {
			isa = PBXGroup;
			children = (
				3C0A52B31F83398400BD7751 /* AppServer.swift */,
				3C0A52B51F833C7300BD7751 /* WeatherRequestAndPraser.swift */,
			);
			path = Servers;
			sourceTree = "<group>";
		};
		3C4222BC1F88FA1900A8F4C8 /* Extra */ = {
			isa = PBXGroup;
			children = (
				3C4222C11F89068400A8F4C8 /* Fonts */,
				3CEFF1EF1F49280B00FF2B62 /* Ve_ur.xcdatamodeld */,
			);
			path = Extra;
			sourceTree = "<group>";
		};
		3C4222BE1F88FA3400A8F4C8 /* UI and more */ = {
			isa = PBXGroup;
			children = (
				3CEFF1EC1F49280B00FF2B62 /* Main.storyboard */,
				3CEFF1F21F49280B00FF2B62 /* Assets.xcassets */,
				3CEFF1F41F49280B00FF2B62 /* LaunchScreen.storyboard */,
			);
			path = "UI and more";
			sourceTree = "<group>";
		};
		3C4222C11F89068400A8F4C8 /* Fonts */ = {
			isa = PBXGroup;
			children = (
				3CA405FF1F94318B0083B399 /* Roboto-Thin.ttf */,
				3CA405FD1F93FC640083B399 /* weathericons-regular-webfont.ttf */,
				3C4222D61F890E9C00A8F4C8 /* Infinity.ttf */,
				3C4222CE1F8906E800A8F4C8 /* Raleway Thin.otf */,
				3C4222CA1F8906E700A8F4C8 /* Raleway Thin.ttf */,
				3C4222D21F8906E800A8F4C8 /* Raleway-Black.ttf */,
				3C4222C61F8906E600A8F4C8 /* Raleway-BlackItalic.ttf */,
				3C4222D31F8906E800A8F4C8 /* Raleway-Bold.ttf */,
				3C4222C41F8906E600A8F4C8 /* Raleway-BoldItalic.ttf */,
				3C4222CD1F8906E700A8F4C8 /* Raleway-ExtraBold.ttf */,
				3C4222D41F8906E800A8F4C8 /* Raleway-ExtraBoldItalic.ttf */,
				3C4222C51F8906E600A8F4C8 /* Raleway-ExtraLight.ttf */,
				3C4222C71F8906E700A8F4C8 /* Raleway-ExtraLightItalic.ttf */,
				3C4222D01F8906E800A8F4C8 /* Raleway-Italic.ttf */,
				3C4222C21F8906E600A8F4C8 /* Raleway-Light.ttf */,
				3C4222D51F8906E900A8F4C8 /* Raleway-LightItalic.ttf */,
				3C4222CB1F8906E700A8F4C8 /* Raleway-Medium.ttf */,
				3C4222C81F8906E700A8F4C8 /* Raleway-MediumItalic.ttf */,
				3C4222CF1F8906E800A8F4C8 /* Raleway-Regular.ttf */,
				3C4222CC1F8906E700A8F4C8 /* Raleway-SemiBold.ttf */,
				3C4222C91F8906E700A8F4C8 /* Raleway-SemiBoldItalic.ttf */,
				3C4222D11F8906E800A8F4C8 /* Raleway-Thin.ttf */,
				3C4222C31F8906E600A8F4C8 /* Raleway-ThinItalic.ttf */,
			);
			path = Fonts;
			sourceTree = "<group>";
		};
		3CEFF1DC1F49280B00FF2B62 = {
			isa = PBXGroup;
			children = (
				3CEFF1E71F49280B00FF2B62 /* Veður */,
				3CEFF1E61F49280B00FF2B62 /* Products */,
				3CEFF1FD1F49299C00FF2B62 /* Frameworks */,
				AF97694943C18099BEC9132E /* Pods */,
			);
			sourceTree = "<group>";
		};
		3CEFF1E61F49280B00FF2B62 /* Products */ = {
			isa = PBXGroup;
			children = (
				3CEFF1E51F49280B00FF2B62 /* Veður.app */,
			);
			name = Products;
			sourceTree = "<group>";
		};
		3CEFF1E71F49280B00FF2B62 /* Veður */ = {
			isa = PBXGroup;
			children = (
				3C4222BE1F88FA3400A8F4C8 /* UI and more */,
				3C4222BB1F88FA0300A8F4C8 /* Servers */,
				3C4222BA1F88F9F300A8F4C8 /* Entity Classes */,
				3C4222B81F88F9D200A8F4C8 /* Controllers */,
				3CEFF2021F49327400FF2B62 /* stations.txt */,
				3CEFF1F71F49280B00FF2B62 /* Info.plist */,
				3C4222BC1F88FA1900A8F4C8 /* Extra */,
			);
			path = "Veður";
			sourceTree = "<group>";
		};
		3CEFF1FD1F49299C00FF2B62 /* Frameworks */ = {
			isa = PBXGroup;
			children = (
				3C7BEF501F8AE81D001D2B3B /* MapKit.framework */,
				3CEFF1FE1F49299C00FF2B62 /* CoreLocation.framework */,
				79AB336C939F27B44FA55CFF /* Pods_Ve_ur.framework */,
			);
			name = Frameworks;
			sourceTree = "<group>";
		};
		AF97694943C18099BEC9132E /* Pods */ = {
			isa = PBXGroup;
			children = (
				9D756E4D479322B33F4CA64D /* Pods-Veður.debug.xcconfig */,
				C2B53E0F3A12F2C6C3A4DB32 /* Pods-Veður.release.xcconfig */,
			);
			name = Pods;
			sourceTree = "<group>";
		};
/* End PBXGroup section */

/* Begin PBXNativeTarget section */
		3CEFF1E41F49280B00FF2B62 /* Veður */ = {
			isa = PBXNativeTarget;
			buildConfigurationList = 3CEFF1FA1F49280B00FF2B62 /* Build configuration list for PBXNativeTarget "Veður" */;
			buildPhases = (
				178A74EDB1506DCD499EADF8 /* [CP] Check Pods Manifest.lock */,
				3CEFF1E11F49280B00FF2B62 /* Sources */,
				3CEFF1E21F49280B00FF2B62 /* Frameworks */,
				3CEFF1E31F49280B00FF2B62 /* Resources */,
				BD0FF53B83DA8D565F76CA35 /* [CP] Embed Pods Frameworks */,
				6807CEF4ED2F8DE34371DE60 /* [CP] Copy Pods Resources */,
			);
			buildRules = (
			);
			dependencies = (
			);
			name = "Veður";
			productName = "Veður";
			productReference = 3CEFF1E51F49280B00FF2B62 /* Veður.app */;
			productType = "com.apple.product-type.application";
		};
/* End PBXNativeTarget section */

/* Begin PBXProject section */
		3CEFF1DD1F49280B00FF2B62 /* Project object */ = {
			isa = PBXProject;
			attributes = {
				LastSwiftUpdateCheck = 0830;
				LastUpgradeCheck = 0900;
				ORGANIZATIONNAME = Benzi;
				TargetAttributes = {
					3CEFF1E41F49280B00FF2B62 = {
						CreatedOnToolsVersion = 8.3.3;
						DevelopmentTeam = XU2F8BZT8S;
						LastSwiftMigration = 0900;
						ProvisioningStyle = Automatic;
						SystemCapabilities = {
							com.apple.Maps.iOS = {
								enabled = 1;
							};
						};
					};
				};
			};
			buildConfigurationList = 3CEFF1E01F49280B00FF2B62 /* Build configuration list for PBXProject "Veður" */;
			compatibilityVersion = "Xcode 3.2";
			developmentRegion = English;
			hasScannedForEncodings = 0;
			knownRegions = (
				en,
				Base,
			);
			mainGroup = 3CEFF1DC1F49280B00FF2B62;
			productRefGroup = 3CEFF1E61F49280B00FF2B62 /* Products */;
			projectDirPath = "";
			projectRoot = "";
			targets = (
				3CEFF1E41F49280B00FF2B62 /* Veður */,
			);
		};
/* End PBXProject section */

/* Begin PBXResourcesBuildPhase section */
		3CEFF1E31F49280B00FF2B62 /* Resources */ = {
			isa = PBXResourcesBuildPhase;
			buildActionMask = 2147483647;
			files = (
				3C4222D71F8917B200A8F4C8 /* Infinity.ttf in Resources */,
				3C4222D81F8917B200A8F4C8 /* Raleway Thin.otf in Resources */,
				3C4222D91F8917B200A8F4C8 /* Raleway Thin.ttf in Resources */,
				3C4222DA1F8917B200A8F4C8 /* Raleway-Black.ttf in Resources */,
				3C4222DB1F8917B200A8F4C8 /* Raleway-BlackItalic.ttf in Resources */,
				3C4222DC1F8917B200A8F4C8 /* Raleway-Bold.ttf in Resources */,
				3CA405FE1F94034E0083B399 /* weathericons-regular-webfont.ttf in Resources */,
				3C4222DD1F8917B200A8F4C8 /* Raleway-BoldItalic.ttf in Resources */,
				3C4222DE1F8917B200A8F4C8 /* Raleway-ExtraBold.ttf in Resources */,
				3C4222DF1F8917B200A8F4C8 /* Raleway-ExtraBoldItalic.ttf in Resources */,
				3C4222E01F8917B200A8F4C8 /* Raleway-ExtraLight.ttf in Resources */,
				3C4222E11F8917B200A8F4C8 /* Raleway-ExtraLightItalic.ttf in Resources */,
				3C4222E21F8917B200A8F4C8 /* Raleway-Italic.ttf in Resources */,
				3C4222E31F8917B200A8F4C8 /* Raleway-Light.ttf in Resources */,
				3C4222E41F8917B200A8F4C8 /* Raleway-LightItalic.ttf in Resources */,
				3C4222E51F8917B200A8F4C8 /* Raleway-Medium.ttf in Resources */,
				3C4222E61F8917B200A8F4C8 /* Raleway-MediumItalic.ttf in Resources */,
				3CA406001F94320F0083B399 /* Roboto-Thin.ttf in Resources */,
				3C4222E71F8917B200A8F4C8 /* Raleway-Regular.ttf in Resources */,
				3C4222E81F8917B200A8F4C8 /* Raleway-SemiBold.ttf in Resources */,
				3C4222E91F8917B200A8F4C8 /* Raleway-SemiBoldItalic.ttf in Resources */,
				3C4222EA1F8917B200A8F4C8 /* Raleway-Thin.ttf in Resources */,
				3C4222EB1F8917B200A8F4C8 /* Raleway-ThinItalic.ttf in Resources */,
				3CEFF1F61F49280B00FF2B62 /* LaunchScreen.storyboard in Resources */,
				3CEFF1F31F49280B00FF2B62 /* Assets.xcassets in Resources */,
				3CEFF2031F49327400FF2B62 /* stations.txt in Resources */,
				3CEFF1EE1F49280B00FF2B62 /* Main.storyboard in Resources */,
			);
			runOnlyForDeploymentPostprocessing = 0;
		};
/* End PBXResourcesBuildPhase section */

/* Begin PBXShellScriptBuildPhase section */
		178A74EDB1506DCD499EADF8 /* [CP] Check Pods Manifest.lock */ = {
			isa = PBXShellScriptBuildPhase;
			buildActionMask = 2147483647;
			files = (
			);
			inputPaths = (
				"${PODS_PODFILE_DIR_PATH}/Podfile.lock",
				"${PODS_ROOT}/Manifest.lock",
			);
			name = "[CP] Check Pods Manifest.lock";
			outputPaths = (
				"$(DERIVED_FILE_DIR)/Pods-Veður-checkManifestLockResult.txt",
			);
			runOnlyForDeploymentPostprocessing = 0;
			shellPath = /bin/sh;
			shellScript = "diff \"${PODS_PODFILE_DIR_PATH}/Podfile.lock\" \"${PODS_ROOT}/Manifest.lock\" > /dev/null\nif [ $? != 0 ] ; then\n    # print error to STDERR\n    echo \"error: The sandbox is not in sync with the Podfile.lock. Run 'pod install' or update your CocoaPods installation.\" >&2\n    exit 1\nfi\n# This output is used by Xcode 'outputs' to avoid re-running this script phase.\necho \"SUCCESS\" > \"${SCRIPT_OUTPUT_FILE_0}\"\n";
			showEnvVarsInLog = 0;
		};
		6807CEF4ED2F8DE34371DE60 /* [CP] Copy Pods Resources */ = {
			isa = PBXShellScriptBuildPhase;
			buildActionMask = 2147483647;
			files = (
			);
			inputPaths = (
			);
			name = "[CP] Copy Pods Resources";
			outputPaths = (
			);
			runOnlyForDeploymentPostprocessing = 0;
			shellPath = /bin/sh;
			shellScript = "\"${SRCROOT}/Pods/Target Support Files/Pods-Veður/Pods-Veður-resources.sh\"\n";
			showEnvVarsInLog = 0;
		};
		BD0FF53B83DA8D565F76CA35 /* [CP] Embed Pods Frameworks */ = {
			isa = PBXShellScriptBuildPhase;
			buildActionMask = 2147483647;
			files = (
			);
			inputPaths = (
				"${SRCROOT}/Pods/Target Support Files/Pods-Veður/Pods-Veður-frameworks.sh",
				"${BUILT_PRODUCTS_DIR}/Alamofire/Alamofire.framework",
				"${BUILT_PRODUCTS_DIR}/SwiftyXMLParser/SwiftyXMLParser.framework",
			);
			name = "[CP] Embed Pods Frameworks";
			outputPaths = (
				"${TARGET_BUILD_DIR}/${FRAMEWORKS_FOLDER_PATH}/Alamofire.framework",
				"${TARGET_BUILD_DIR}/${FRAMEWORKS_FOLDER_PATH}/SwiftyXMLParser.framework",
			);
			runOnlyForDeploymentPostprocessing = 0;
			shellPath = /bin/sh;
			shellScript = "\"${SRCROOT}/Pods/Target Support Files/Pods-Veður/Pods-Veður-frameworks.sh\"\n";
			showEnvVarsInLog = 0;
		};
/* End PBXShellScriptBuildPhase section */

/* Begin PBXSourcesBuildPhase section */
		3CEFF1E11F49280B00FF2B62 /* Sources */ = {
			isa = PBXSourcesBuildPhase;
			buildActionMask = 2147483647;
			files = (
				3C0A52B61F833C7300BD7751 /* WeatherRequestAndPraser.swift in Sources */,
				3CEFF1F11F49280B00FF2B62 /* Ve_ur.xcdatamodeld in Sources */,
				3C43A0C01F96F23E00035E86 /* SingleFCCell.swift in Sources */,
				3CEFF2011F492E2D00FF2B62 /* Stasion.swift in Sources */,
				3CEFF1EB1F49280B00FF2B62 /* ViewController.swift in Sources */,
				3CEFF1E91F49280B00FF2B62 /* AppDelegate.swift in Sources */,
				3C0A52B41F83398400BD7751 /* AppServer.swift in Sources */,
			);
			runOnlyForDeploymentPostprocessing = 0;
		};
/* End PBXSourcesBuildPhase section */

/* Begin PBXVariantGroup section */
		3CEFF1EC1F49280B00FF2B62 /* Main.storyboard */ = {
			isa = PBXVariantGroup;
			children = (
				3CEFF1ED1F49280B00FF2B62 /* Base */,
			);
			name = Main.storyboard;
			sourceTree = "<group>";
		};
		3CEFF1F41F49280B00FF2B62 /* LaunchScreen.storyboard */ = {
			isa = PBXVariantGroup;
			children = (
				3CEFF1F51F49280B00FF2B62 /* Base */,
			);
			name = LaunchScreen.storyboard;
			sourceTree = "<group>";
		};
/* End PBXVariantGroup section */

/* Begin XCBuildConfiguration section */
		3CEFF1F81F49280B00FF2B62 /* Debug */ = {
			isa = XCBuildConfiguration;
			buildSettings = {
				ALWAYS_SEARCH_USER_PATHS = NO;
				CLANG_ANALYZER_NONNULL = YES;
				CLANG_ANALYZER_NUMBER_OBJECT_CONVERSION = YES_AGGRESSIVE;
				CLANG_CXX_LANGUAGE_STANDARD = "gnu++0x";
				CLANG_CXX_LIBRARY = "libc++";
				CLANG_ENABLE_MODULES = YES;
				CLANG_ENABLE_OBJC_ARC = YES;
				CLANG_WARN_BLOCK_CAPTURE_AUTORELEASING = YES;
				CLANG_WARN_BOOL_CONVERSION = YES;
				CLANG_WARN_COMMA = YES;
				CLANG_WARN_CONSTANT_CONVERSION = YES;
				CLANG_WARN_DIRECT_OBJC_ISA_USAGE = YES_ERROR;
				CLANG_WARN_DOCUMENTATION_COMMENTS = YES;
				CLANG_WARN_EMPTY_BODY = YES;
				CLANG_WARN_ENUM_CONVERSION = YES;
				CLANG_WARN_INFINITE_RECURSION = YES;
				CLANG_WARN_INT_CONVERSION = YES;
				CLANG_WARN_NON_LITERAL_NULL_CONVERSION = YES;
				CLANG_WARN_OBJC_LITERAL_CONVERSION = YES;
				CLANG_WARN_OBJC_ROOT_CLASS = YES_ERROR;
				CLANG_WARN_RANGE_LOOP_ANALYSIS = YES;
				CLANG_WARN_STRICT_PROTOTYPES = YES;
				CLANG_WARN_SUSPICIOUS_MOVE = YES;
				CLANG_WARN_UNREACHABLE_CODE = YES;
				CLANG_WARN__DUPLICATE_METHOD_MATCH = YES;
				"CODE_SIGN_IDENTITY[sdk=iphoneos*]" = "iPhone Developer";
				COPY_PHASE_STRIP = NO;
				DEBUG_INFORMATION_FORMAT = dwarf;
				ENABLE_STRICT_OBJC_MSGSEND = YES;
				ENABLE_TESTABILITY = YES;
				GCC_C_LANGUAGE_STANDARD = gnu99;
				GCC_DYNAMIC_NO_PIC = NO;
				GCC_NO_COMMON_BLOCKS = YES;
				GCC_OPTIMIZATION_LEVEL = 0;
				GCC_PREPROCESSOR_DEFINITIONS = (
					"DEBUG=1",
					"$(inherited)",
				);
				GCC_WARN_64_TO_32_BIT_CONVERSION = YES;
				GCC_WARN_ABOUT_RETURN_TYPE = YES_ERROR;
				GCC_WARN_UNDECLARED_SELECTOR = YES;
				GCC_WARN_UNINITIALIZED_AUTOS = YES_AGGRESSIVE;
				GCC_WARN_UNUSED_FUNCTION = YES;
				GCC_WARN_UNUSED_VARIABLE = YES;
				IPHONEOS_DEPLOYMENT_TARGET = 10.3;
				MTL_ENABLE_DEBUG_INFO = YES;
				ONLY_ACTIVE_ARCH = YES;
				SDKROOT = iphoneos;
				SWIFT_ACTIVE_COMPILATION_CONDITIONS = DEBUG;
				SWIFT_OPTIMIZATION_LEVEL = "-Onone";
				TARGETED_DEVICE_FAMILY = "1,2";
			};
			name = Debug;
		};
		3CEFF1F91F49280B00FF2B62 /* Release */ = {
			isa = XCBuildConfiguration;
			buildSettings = {
				ALWAYS_SEARCH_USER_PATHS = NO;
				CLANG_ANALYZER_NONNULL = YES;
				CLANG_ANALYZER_NUMBER_OBJECT_CONVERSION = YES_AGGRESSIVE;
				CLANG_CXX_LANGUAGE_STANDARD = "gnu++0x";
				CLANG_CXX_LIBRARY = "libc++";
				CLANG_ENABLE_MODULES = YES;
				CLANG_ENABLE_OBJC_ARC = YES;
				CLANG_WARN_BLOCK_CAPTURE_AUTORELEASING = YES;
				CLANG_WARN_BOOL_CONVERSION = YES;
				CLANG_WARN_COMMA = YES;
				CLANG_WARN_CONSTANT_CONVERSION = YES;
				CLANG_WARN_DIRECT_OBJC_ISA_USAGE = YES_ERROR;
				CLANG_WARN_DOCUMENTATION_COMMENTS = YES;
				CLANG_WARN_EMPTY_BODY = YES;
				CLANG_WARN_ENUM_CONVERSION = YES;
				CLANG_WARN_INFINITE_RECURSION = YES;
				CLANG_WARN_INT_CONVERSION = YES;
				CLANG_WARN_NON_LITERAL_NULL_CONVERSION = YES;
				CLANG_WARN_OBJC_LITERAL_CONVERSION = YES;
				CLANG_WARN_OBJC_ROOT_CLASS = YES_ERROR;
				CLANG_WARN_RANGE_LOOP_ANALYSIS = YES;
				CLANG_WARN_STRICT_PROTOTYPES = YES;
				CLANG_WARN_SUSPICIOUS_MOVE = YES;
				CLANG_WARN_UNREACHABLE_CODE = YES;
				CLANG_WARN__DUPLICATE_METHOD_MATCH = YES;
				"CODE_SIGN_IDENTITY[sdk=iphoneos*]" = "iPhone Developer";
				COPY_PHASE_STRIP = NO;
				DEBUG_INFORMATION_FORMAT = "dwarf-with-dsym";
				ENABLE_NS_ASSERTIONS = NO;
				ENABLE_STRICT_OBJC_MSGSEND = YES;
				GCC_C_LANGUAGE_STANDARD = gnu99;
				GCC_NO_COMMON_BLOCKS = YES;
				GCC_WARN_64_TO_32_BIT_CONVERSION = YES;
				GCC_WARN_ABOUT_RETURN_TYPE = YES_ERROR;
				GCC_WARN_UNDECLARED_SELECTOR = YES;
				GCC_WARN_UNINITIALIZED_AUTOS = YES_AGGRESSIVE;
				GCC_WARN_UNUSED_FUNCTION = YES;
				GCC_WARN_UNUSED_VARIABLE = YES;
				IPHONEOS_DEPLOYMENT_TARGET = 10.3;
				MTL_ENABLE_DEBUG_INFO = NO;
				SDKROOT = iphoneos;
				SWIFT_OPTIMIZATION_LEVEL = "-Owholemodule";
				TARGETED_DEVICE_FAMILY = "1,2";
				VALIDATE_PRODUCT = YES;
			};
			name = Release;
		};
		3CEFF1FB1F49280B00FF2B62 /* Debug */ = {
			isa = XCBuildConfiguration;
			baseConfigurationReference = 9D756E4D479322B33F4CA64D /* Pods-Veður.debug.xcconfig */;
			buildSettings = {
				ASSETCATALOG_COMPILER_APPICON_NAME = AppIcon;
				DEVELOPMENT_TEAM = XU2F8BZT8S;
				INFOPLIST_FILE = "Veður/Info.plist";
				LD_RUNPATH_SEARCH_PATHS = "$(inherited) @executable_path/Frameworks";
				PRODUCT_BUNDLE_IDENTIFIER = "com.Benzi.Ve-ur";
				PRODUCT_NAME = "$(TARGET_NAME)";
				SWIFT_SWIFT3_OBJC_INFERENCE = On;
				SWIFT_VERSION = 4.0;
			};
			name = Debug;
		};
		3CEFF1FC1F49280B00FF2B62 /* Release */ = {
			isa = XCBuildConfiguration;
			baseConfigurationReference = C2B53E0F3A12F2C6C3A4DB32 /* Pods-Veður.release.xcconfig */;
			buildSettings = {
				ASSETCATALOG_COMPILER_APPICON_NAME = AppIcon;
				DEVELOPMENT_TEAM = XU2F8BZT8S;
				INFOPLIST_FILE = "Veður/Info.plist";
				LD_RUNPATH_SEARCH_PATHS = "$(inherited) @executable_path/Frameworks";
				PRODUCT_BUNDLE_IDENTIFIER = "com.Benzi.Ve-ur";
				PRODUCT_NAME = "$(TARGET_NAME)";
				SWIFT_SWIFT3_OBJC_INFERENCE = On;
				SWIFT_VERSION = 4.0;
			};
			name = Release;
		};
/* End XCBuildConfiguration section */

/* Begin XCConfigurationList section */
		3CEFF1E01F49280B00FF2B62 /* Build configuration list for PBXProject "Veður" */ = {
			isa = XCConfigurationList;
			buildConfigurations = (
				3CEFF1F81F49280B00FF2B62 /* Debug */,
				3CEFF1F91F49280B00FF2B62 /* Release */,
			);
			defaultConfigurationIsVisible = 0;
			defaultConfigurationName = Release;
		};
		3CEFF1FA1F49280B00FF2B62 /* Build configuration list for PBXNativeTarget "Veður" */ = {
			isa = XCConfigurationList;
			buildConfigurations = (
				3CEFF1FB1F49280B00FF2B62 /* Debug */,
				3CEFF1FC1F49280B00FF2B62 /* Release */,
			);
			defaultConfigurationIsVisible = 0;
			defaultConfigurationName = Release;
		};
/* End XCConfigurationList section */

/* Begin XCVersionGroup section */
		3CEFF1EF1F49280B00FF2B62 /* Ve_ur.xcdatamodeld */ = {
			isa = XCVersionGroup;
			children = (
				3CEFF1F01F49280B00FF2B62 /* Ve_ur.xcdatamodel */,
			);
			currentVersion = 3CEFF1F01F49280B00FF2B62 /* Ve_ur.xcdatamodel */;
			path = Ve_ur.xcdatamodeld;
			sourceTree = "<group>";
			versionGroupType = wrapper.xcdatamodel;
		};
/* End XCVersionGroup section */
	};
	rootObject = 3CEFF1DD1F49280B00FF2B62 /* Project object */;
}
